
Microsoft Visual Studio Solution File, Format Version 12.00
# Visual Studio Version 17
VisualStudioVersion = 17.4.33205.214
MinimumVisualStudioVersion = 10.0.40219.1
Project("{FAE04EC0-301F-11D3-BF4B-00C04F79EFBC}") = "Windows-Optimize-Harden-Debloat", "Windows-Optimize-Harden-Debloat.csproj", "{FD67BA3B-9898-4895-8DEE-41B3D4F15FC8}"
EndProject
Global
	GlobalSection(SolutionConfigurationPlatforms) = preSolution
		Debug|Any CPU = Debug|Any CPU
		Release|Any CPU = Release|Any CPU
	EndGlobalSection
	GlobalSection(ProjectConfigurationPlatforms) = postSolution
		{FD67BA3B-9898-4895-8DEE-41B3D4F15FC8}.Debug|Any CPU.ActiveCfg = Debug|Any CPU
		{FD67BA3B-9898-4895-8DEE-41B3D4F15FC8}.Debug|Any CPU.Build.0 = Debug|Any CPU
		{FD67BA3B-9898-4895-8DEE-41B3D4F15FC8}.Release|Any CPU.ActiveCfg = Release|Any CPU
		{FD67BA3B-9898-4895-8DEE-41B3D4F15FC8}.Release|Any CPU.Build.0 = Release|Any CPU
	EndGlobalSection
	GlobalSection(SolutionProperties) = preSolution
		HideSolutionNode = FALSE
	EndGlobalSection
	GlobalSection(ExtensibilityGlobals) = postSolution
		SolutionGuid = {166E390A-0D21-4D35-886A-2F78E9D044E4}
	EndGlobalSection
EndGlobal
